Microsoft Visual Studio Solution File, Format Version 12.00
# Visual Studio Version 17
VisualStudioVersion = 17.5.2.0
MinimumVisualStudioVersion = 10.0.40219.1
Project("{FAE04EC0-301F-11D3-BF4B-00C04F79EFBC}") = "teste_people4tech", "teste_people4tech.csproj", "{B8F95257-3DB5-04A1-5A28-34E40C8E3DB1}"
EndProject
Global
	GlobalSection(SolutionConfigurationPlatforms) = preSolution
		Debug|Any CPU = Debug|Any CPU
		Release|Any CPU = Release|Any CPU
	EndGlobalSection
	GlobalSection(ProjectConfigurationPlatforms) = postSolution
		{B8F95257-3DB5-04A1-5A28-34E40C8E3DB1}.Debug|Any CPU.ActiveCfg = Debug|Any CPU
		{B8F95257-3DB5-04A1-5A28-34E40C8E3DB1}.Debug|Any CPU.Build.0 = Debug|Any CPU
		{B8F95257-3DB5-04A1-5A28-34E40C8E3DB1}.Release|Any CPU.ActiveCfg = Release|Any CPU
		{B8F95257-3DB5-04A1-5A28-34E40C8E3DB1}.Release|Any CPU.Build.0 = Release|Any CPU
	EndGlobalSection
	GlobalSection(SolutionProperties) = preSolution
		HideSolutionNode = FALSE
	EndGlobalSection
	GlobalSection(ExtensibilityGlobals) = postSolution
		SolutionGuid = {CF0D8534-5C28-4CDF-886B-0B5CC6F03646}
	EndGlobalSection
EndGlobal
